
Microsoft Visual Studio Solution File, Format Version 12.00
# Visual Studio Version 17
VisualStudioVersion = 17.2.32630.192
MinimumVisualStudioVersion = 10.0.40219.1
Project("{FAE04EC0-301F-11D3-BF4B-00C04F79EFBC}") = "sam", "sam.csproj", "{625F3EE5-D69E-4090-8E47-5ED869310B93}"
EndProject
Global
	GlobalSection(SolutionConfigurationPlatforms) = preSolution
		Debug|Any CPU = Debug|Any CPU
		Release|Any CPU = Release|Any CPU
	EndGlobalSection
	GlobalSection(ProjectConfigurationPlatforms) = postSolution
		{625F3EE5-D69E-4090-8E47-5ED869310B93}.Debug|Any CPU.ActiveCfg = Debug|Any CPU
		{625F3EE5-D69E-4090-8E47-5ED869310B93}.Debug|Any CPU.Build.0 = Debug|Any CPU
		{625F3EE5-D69E-4090-8E47-5ED869310B93}.Release|Any CPU.ActiveCfg = Release|Any CPU
		{625F3EE5-D69E-4090-8E47-5ED869310B93}.Release|Any CPU.Build.0 = Release|Any CPU
	EndGlobalSection
	GlobalSection(SolutionProperties) = preSolution
		HideSolutionNode = FALSE
	EndGlobalSection
	GlobalSection(ExtensibilityGlobals) = postSolution
		SolutionGuid = {00E23301-C041-4E86-9BFE-2FAEA07A70B6}
	EndGlobalSection
EndGlobal
